// !$*UTF8*$!
{
	archiveVersion = 1;
	classes = {
	};
	objectVersion = 46;
	objects = {

/* Begin PBXBuildFile section */
		4B480CA21EB3EA8F004410DA /* AppDelegate.swift in Sources */ = {isa = PBXBuildFile; fileRef = 4B480CA11EB3EA8F004410DA /* AppDelegate.swift */; };
		4B480CA41EB3EA8F004410DA /* ViewController.swift in Sources */ = {isa = PBXBuildFile; fileRef = 4B480CA31EB3EA8F004410DA /* ViewController.swift */; };
		4B480CA71EB3EA8F004410DA /* Main.storyboard in Resources */ = {isa = PBXBuildFile; fileRef = 4B480CA51EB3EA8F004410DA /* Main.storyboard */; };
		4B480CA91EB3EA8F004410DA /* Assets.xcassets in Resources */ = {isa = PBXBuildFile; fileRef = 4B480CA81EB3EA8F004410DA /* Assets.xcassets */; };
		4B480CAC1EB3EA8F004410DA /* LaunchScreen.storyboard in Resources */ = {isa = PBXBuildFile; fileRef = 4B480CAA1EB3EA8F004410DA /* LaunchScreen.storyboard */; };
		4B480CB71EB3EA8F004410DA /* Apple_Catch_Tests.swift in Sources */ = {isa = PBXBuildFile; fileRef = 4B480CB61EB3EA8F004410DA /* Apple_Catch_Tests.swift */; };
		4B480CC21EB3EA8F004410DA /* Apple_Catch_UITests.swift in Sources */ = {isa = PBXBuildFile; fileRef = 4B480CC11EB3EA8F004410DA /* Apple_Catch_UITests.swift */; };
/* End PBXBuildFile section */

/* Begin PBXContainerItemProxy section */
		4B480CB31EB3EA8F004410DA /* PBXContainerItemProxy */ = {
			isa = PBXContainerItemProxy;
			containerPortal = 4B480C961EB3EA8F004410DA /* Project object */;
			proxyType = 1;
			remoteGlobalIDString = 4B480C9D1EB3EA8F004410DA;
			remoteInfo = "Apple Catch!";
		};
		4B480CBE1EB3EA8F004410DA /* PBXContainerItemProxy */ = {
			isa = PBXContainerItemProxy;
			containerPortal = 4B480C961EB3EA8F004410DA /* Project object */;
			proxyType = 1;
			remoteGlobalIDString = 4B480C9D1EB3EA8F004410DA;
			remoteInfo = "Apple Catch!";
		};
/* End PBXContainerItemProxy section */

/* Begin PBXFileReference section */
		4B480C9E1EB3EA8F004410DA /* Apple Catch!.app */ = {isa = PBXFileReference; explicitFileType = wrapper.application; includeInIndex = 0; path = "Apple Catch!.app"; sourceTree = BUILT_PRODUCTS_DIR; };
		4B480CA11EB3EA8F004410DA /* AppDelegate.swift */ = {isa = PBXFileReference; lastKnownFileType = sourcecode.swift; path = AppDelegate.swift; sourceTree = "<group>"; };
		4B480CA31EB3EA8F004410DA /* ViewController.swift */ = {isa = PBXFileReference; lastKnownFileType = sourcecode.swift; path = ViewController.swift; sourceTree = "<group>"; };
		4B480CA61EB3EA8F004410DA /* Base */ = {isa = PBXFileReference; lastKnownFileType = file.storyboard; name = Base; path = Base.lproj/Main.storyboard; sourceTree = "<group>"; };
		4B480CA81EB3EA8F004410DA /* Assets.xcassets */ = {isa = PBXFileReference; lastKnownFileType = folder.assetcatalog; path = Assets.xcassets; sourceTree = "<group>"; };
		4B480CAB1EB3EA8F004410DA /* Base */ = {isa = PBXFileReference; lastKnownFileType = file.storyboard; name = Base; path = Base.lproj/LaunchScreen.storyboard; sourceTree = "<group>"; };
		4B480CAD1EB3EA8F004410DA /* Info.plist */ = {isa = PBXFileReference; lastKnownFileType = text.plist.xml; path = Info.plist; sourceTree = "<group>"; };
		4B480CB21EB3EA8F004410DA /* Apple Catch!Tests.xctest */ = {isa = PBXFileReference; explicitFileType = wrapper.cfbundle; includeInIndex = 0; path = "Apple Catch!Tests.xctest"; sourceTree = BUILT_PRODUCTS_DIR; };
		4B480CB61EB3EA8F004410DA /* Apple_Catch_Tests.swift */ = {isa = PBXFileReference; lastKnownFileType = sourcecode.swift; path = Apple_Catch_Tests.swift; sourceTree = "<group>"; };
		4B480CB81EB3EA8F004410DA /* Info.plist */ = {isa = PBXFileReference; lastKnownFileType = text.plist.xml; path = Info.plist; sourceTree = "<group>"; };
		4B480CBD1EB3EA8F004410DA /* Apple Catch!UITests.xctest */ = {isa = PBXFileReference; explicitFileType = wrapper.cfbundle; includeInIndex = 0; path = "Apple Catch!UITests.xctest"; sourceTree = BUILT_PRODUCTS_DIR; };
		4B480CC11EB3EA8F004410DA /* Apple_Catch_UITests.swift */ = {isa = PBXFileReference; lastKnownFileType = sourcecode.swift; path = Apple_Catch_UITests.swift; sourceTree = "<group>"; };
		4B480CC31EB3EA8F004410DA /* Info.plist */ = {isa = PBXFileReference; lastKnownFileType = text.plist.xml; path = Info.plist; sourceTree = "<group>"; };
/* End PBXFileReference section */

/* Begin PBXFrameworksBuildPhase section */
		4B480C9B1EB3EA8F004410DA /* Frameworks */ = {
			isa = PBXFrameworksBuildPhase;
			buildActionMask = 2147483647;
			files = (
			);
			runOnlyForDeploymentPostprocessing = 0;
		};
		4B480CAF1EB3EA8F004410DA /* Frameworks */ = {
			isa = PBXFrameworksBuildPhase;
			buildActionMask = 2147483647;
			files = (
			);
			runOnlyForDeploymentPostprocessing = 0;
		};
		4B480CBA1EB3EA8F004410DA /* Frameworks */ = {
			isa = PBXFrameworksBuildPhase;
			buildActionMask = 2147483647;
			files = (
			);
			runOnlyForDeploymentPostprocessing = 0;
		};
/* End PBXFrameworksBuildPhase section */

/* Begin PBXGroup section */
		4B480C951EB3EA8E004410DA = {
			isa = PBXGroup;
			children = (
				4B480CA01EB3EA8F004410DA /* Apple Catch! */,
				4B480CB51EB3EA8F004410DA /* Apple Catch!Tests */,
				4B480CC01EB3EA8F004410DA /* Apple Catch!UITests */,
				4B480C9F1EB3EA8F004410DA /* Products */,
			);
			sourceTree = "<group>";
		};
		4B480C9F1EB3EA8F004410DA /* Products */ = {
			isa = PBXGroup;
			children = (
				4B480C9E1EB3EA8F004410DA /* Apple Catch!.app */,
				4B480CB21EB3EA8F004410DA /* Apple Catch!Tests.xctest */,
				4B480CBD1EB3EA8F004410DA /* Apple Catch!UITests.xctest */,
			);
			name = Products;
			sourceTree = "<group>";
		};
		4B480CA01EB3EA8F004410DA /* Apple Catch! */ = {
			isa = PBXGroup;
			children = (
				4B480CA11EB3EA8F004410DA /* AppDelegate.swift */,
				4B480CA31EB3EA8F004410DA /* ViewController.swift */,
				4B480CA51EB3EA8F004410DA /* Main.storyboard */,
				4B480CA81EB3EA8F004410DA /* Assets.xcassets */,
				4B480CAA1EB3EA8F004410DA /* LaunchScreen.storyboard */,
				4B480CAD1EB3EA8F004410DA /* Info.plist */,
			);
			path = "Apple Catch!";
			sourceTree = "<group>";
		};
		4B480CB51EB3EA8F004410DA /* Apple Catch!Tests */ = {
			isa = PBXGroup;
			children = (
				4B480CB61EB3EA8F004410DA /* Apple_Catch_Tests.swift */,
				4B480CB81EB3EA8F004410DA /* Info.plist */,
			);
			path = "Apple Catch!Tests";
			sourceTree = "<group>";
		};
		4B480CC01EB3EA8F004410DA /* Apple Catch!UITests */ = {
			isa = PBXGroup;
			children = (
				4B480CC11EB3EA8F004410DA /* Apple_Catch_UITests.swift */,
				4B480CC31EB3EA8F004410DA /* Info.plist */,
			);
			path = "Apple Catch!UITests";
			sourceTree = "<group>";
		};
/* End PBXGroup section */

/* Begin PBXNativeTarget section */
		4B480C9D1EB3EA8F004410DA /* Apple Catch! */ = {
			isa = PBXNativeTarget;
			buildConfigurationList = 4B480CC61EB3EA8F004410DA /* Build configuration list for PBXNativeTarget "Apple Catch!" */;
			buildPhases = (
				4B480C9A1EB3EA8F004410DA /* Sources */,
				4B480C9B1EB3EA8F004410DA /* Frameworks */,
				4B480C9C1EB3EA8F004410DA /* Resources */,
			);
			buildRules = (
			);
			dependencies = (
			);
			name = "Apple Catch!";
			productName = "Apple Catch!";
			productReference = 4B480C9E1EB3EA8F004410DA /* Apple Catch!.app */;
			productType = "com.apple.product-type.application";
		};
		4B480CB11EB3EA8F004410DA /* Apple Catch!Tests */ = {
			isa = PBXNativeTarget;
			buildConfigurationList = 4B480CC91EB3EA8F004410DA /* Build configuration list for PBXNativeTarget "Apple Catch!Tests" */;
			buildPhases = (
				4B480CAE1EB3EA8F004410DA /* Sources */,
				4B480CAF1EB3EA8F004410DA /* Frameworks */,
				4B480CB01EB3EA8F004410DA /* Resources */,
			);
			buildRules = (
			);
			dependencies = (
				4B480CB41EB3EA8F004410DA /* PBXTargetDependency */,
			);
			name = "Apple Catch!Tests";
			productName = "Apple Catch!Tests";
			productReference = 4B480CB21EB3EA8F004410DA /* Apple Catch!Tests.xctest */;
			productType = "com.apple.product-type.bundle.unit-test";
		};
		4B480CBC1EB3EA8F004410DA /* Apple Catch!UITests */ = {
			isa = PBXNativeTarget;
			buildConfigurationList = 4B480CCC1EB3EA8F004410DA /* Build configuration list for PBXNativeTarget "Apple Catch!UITests" */;
			buildPhases = (
				4B480CB91EB3EA8F004410DA /* Sources */,
				4B480CBA1EB3EA8F004410DA /* Frameworks */,
				4B480CBB1EB3EA8F004410DA /* Resources */,
			);
			buildRules = (
			);
			dependencies = (
				4B480CBF1EB3EA8F004410DA /* PBXTargetDependency */,
			);
			name = "Apple Catch!UITests";
			productName = "Apple Catch!UITests";
			productReference = 4B480CBD1EB3EA8F004410DA /* Apple Catch!UITests.xctest */;
			productType = "com.apple.product-type.bundle.ui-testing";
		};
/* End PBXNativeTarget section */

/* Begin PBXProject section */
		4B480C961EB3EA8F004410DA /* Project object */ = {
			isa = PBXProject;
			attributes = {
				LastSwiftUpdateCheck = 0820;
				LastUpgradeCheck = 0820;
				ORGANIZATIONNAME = "Kevin Sheehy";
				TargetAttributes = {
					4B480C9D1EB3EA8F004410DA = {
						CreatedOnToolsVersion = 8.2.1;
						DevelopmentTeam = Y35N98ZFYR;
						ProvisioningStyle = Automatic;
					};
					4B480CB11EB3EA8F004410DA = {
						CreatedOnToolsVersion = 8.2.1;
						ProvisioningStyle = Automatic;
						TestTargetID = 4B480C9D1EB3EA8F004410DA;
					};
					4B480CBC1EB3EA8F004410DA = {
						CreatedOnToolsVersion = 8.2.1;
						ProvisioningStyle = Automatic;
						TestTargetID = 4B480C9D1EB3EA8F004410DA;
					};
				};
			};
			buildConfigurationList = 4B480C991EB3EA8F004410DA /* Build configuration list for PBXProject "Apple Catch!" */;
			compatibilityVersion = "Xcode 3.2";
			developmentRegion = English;
			hasScannedForEncodings = 0;
			knownRegions = (
				en,
				Base,
			);
			mainGroup = 4B480C951EB3EA8E004410DA;
			productRefGroup = 4B480C9F1EB3EA8F004410DA /* Products */;
			projectDirPath = "";
			projectRoot = "";
			targets = (
				4B480C9D1EB3EA8F004410DA /* Apple Catch! */,
				4B480CB11EB3EA8F004410DA /* Apple Catch!Tests */,
				4B480CBC1EB3EA8F004410DA /* Apple Catch!UITests */,
			);
		};
/* End PBXProject section */

/* Begin PBXResourcesBuildPhase section */
		4B480C9C1EB3EA8F004410DA /* Resources */ = {
			isa = PBXResourcesBuildPhase;
			buildActionMask = 2147483647;
			files = (
				4B480CAC1EB3EA8F004410DA /* LaunchScreen.storyboard in Resources */,
				4B480CA91EB3EA8F004410DA /* Assets.xcassets in Resources */,
				4B480CA71EB3EA8F004410DA /* Main.storyboard in Resources */,
			);
			runOnlyForDeploymentPostprocessing = 0;
		};
		4B480CB01EB3EA8F004410DA /* Resources */ = {
			isa = PBXResourcesBuildPhase;
			buildActionMask = 2147483647;
			files = (
			);
			runOnlyForDeploymentPostprocessing = 0;
		};
		4B480CBB1EB3EA8F004410DA /* Resources */ = {
			isa = PBXResourcesBuildPhase;
			buildActionMask = 2147483647;
			files = (
			);
			runOnlyForDeploymentPostprocessing = 0;
		};
/* End PBXResourcesBuildPhase section */

/* Begin PBXSourcesBuildPhase section */
		4B480C9A1EB3EA8F004410DA /* Sources */ = {
			isa = PBXSourcesBuildPhase;
			buildActionMask = 2147483647;
			files = (
				4B480CA41EB3EA8F004410DA /* ViewController.swift in Sources */,
				4B480CA21EB3EA8F004410DA /* AppDelegate.swift in Sources */,
			);
			runOnlyForDeploymentPostprocessing = 0;
		};
		4B480CAE1EB3EA8F004410DA /* Sources */ = {
			isa = PBXSourcesBuildPhase;
			buildActionMask = 2147483647;
			files = (
				4B480CB71EB3EA8F004410DA /* Apple_Catch_Tests.swift in Sources */,
			);
			runOnlyForDeploymentPostprocessing = 0;
		};
		4B480CB91EB3EA8F004410DA /* Sources */ = {
			isa = PBXSourcesBuildPhase;
			buildActionMask = 2147483647;
			files = (
				4B480CC21EB3EA8F004410DA /* Apple_Catch_UITests.swift in Sources */,
			);
			runOnlyForDeploymentPostprocessing = 0;
		};
/* End PBXSourcesBuildPhase section */

/* Begin PBXTargetDependency section */
		4B480CB41EB3EA8F004410DA /* PBXTargetDependency */ = {
			isa = PBXTargetDependency;
			target = 4B480C9D1EB3EA8F004410DA /* Apple Catch! */;
			targetProxy = 4B480CB31EB3EA8F004410DA /* PBXContainerItemProxy */;
		};
		4B480CBF1EB3EA8F004410DA /* PBXTargetDependency */ = {
			isa = PBXTargetDependency;
			target = 4B480C9D1EB3EA8F004410DA /* Apple Catch! */;
			targetProxy = 4B480CBE1EB3EA8F004410DA /* PBXContainerItemProxy */;
		};
/* End PBXTargetDependency section */

/* Begin PBXVariantGroup section */
		4B480CA51EB3EA8F004410DA /* Main.storyboard */ = {
			isa = PBXVariantGroup;
			children = (
				4B480CA61EB3EA8F004410DA /* Base */,
			);
			name = Main.storyboard;
			sourceTree = "<group>";
		};
		4B480CAA1EB3EA8F004410DA /* LaunchScreen.storyboard */ = {
			isa = PBXVariantGroup;
			children = (
				4B480CAB1EB3EA8F004410DA /* Base */,
			);
			name = LaunchScreen.storyboard;
			sourceTree = "<group>";
		};
/* End PBXVariantGroup section */

/* Begin XCBuildConfiguration section */
		4B480CC41EB3EA8F004410DA /* Debug */ = {
			isa = XCBuildConfiguration;
			buildSettings = {
				ALWAYS_SEARCH_USER_PATHS = NO;
				CLANG_ANALYZER_NONNULL = YES;
				CLANG_CXX_LANGUAGE_STANDARD = "gnu++0x";
				CLANG_CXX_LIBRARY = "libc++";
				CLANG_ENABLE_MODULES = YES;
				CLANG_ENABLE_OBJC_ARC = YES;
				CLANG_WARN_BOOL_CONVERSION = YES;
				CLANG_WARN_CONSTANT_CONVERSION = YES;
				CLANG_WARN_DIRECT_OBJC_ISA_USAGE = YES_ERROR;
				CLANG_WARN_DOCUMENTATION_COMMENTS = YES;
				CLANG_WARN_EMPTY_BODY = YES;
				CLANG_WARN_ENUM_CONVERSION = YES;
				CLANG_WARN_INFINITE_RECURSION = YES;
				CLANG_WARN_INT_CONVERSION = YES;
				CLANG_WARN_OBJC_ROOT_CLASS = YES_ERROR;
				CLANG_WARN_SUSPICIOUS_MOVE = YES;
				CLANG_WARN_UNREACHABLE_CODE = YES;
				CLANG_WARN__DUPLICATE_METHOD_MATCH = YES;
				"CODE_SIGN_IDENTITY[sdk=iphoneos*]" = "iPhone Developer";
				COPY_PHASE_STRIP = NO;
				DEBUG_INFORMATION_FORMAT = dwarf;
				ENABLE_STRICT_OBJC_MSGSEND = YES;
				ENABLE_TESTABILITY = YES;
				GCC_C_LANGUAGE_STANDARD = gnu99;
				GCC_DYNAMIC_NO_PIC = NO;
				GCC_NO_COMMON_BLOCKS = YES;
				GCC_OPTIMIZATION_LEVEL = 0;
				GCC_PREPROCESSOR_DEFINITIONS = (
					"DEBUG=1",
					"$(inherited)",
				);
				GCC_WARN_64_TO_32_BIT_CONVERSION = YES;
				GCC_WARN_ABOUT_RETURN_TYPE = YES_ERROR;
				GCC_WARN_UNDECLARED_SELECTOR = YES;
				GCC_WARN_UNINITIALIZED_AUTOS = YES_AGGRESSIVE;
				GCC_WARN_UNUSED_FUNCTION = YES;
				GCC_WARN_UNUSED_VARIABLE = YES;
				IPHONEOS_DEPLOYMENT_TARGET = 10.2;
				MTL_ENABLE_DEBUG_INFO = YES;
				ONLY_ACTIVE_ARCH = YES;
				SDKROOT = iphoneos;
				SWIFT_ACTIVE_COMPILATION_CONDITIONS = DEBUG;
				SWIFT_OPTIMIZATION_LEVEL = "-Onone";
				TARGETED_DEVICE_FAMILY = "1,2";
			};
			name = Debug;
		};
		4B480CC51EB3EA8F004410DA /* Release */ = {
			isa = XCBuildConfiguration;
			buildSettings = {
				ALWAYS_SEARCH_USER_PATHS = NO;
				CLANG_ANALYZER_NONNULL = YES;
				CLANG_CXX_LANGUAGE_STANDARD = "gnu++0x";
				CLANG_CXX_LIBRARY = "libc++";
				CLANG_ENABLE_MODULES = YES;
				CLANG_ENABLE_OBJC_ARC = YES;
				CLANG_WARN_BOOL_CONVERSION = YES;
				CLANG_WARN_CONSTANT_CONVERSION = YES;
				CLANG_WARN_DIRECT_OBJC_ISA_USAGE = YES_ERROR;
				CLANG_WARN_DOCUMENTATION_COMMENTS = YES;
				CLANG_WARN_EMPTY_BODY = YES;
				CLANG_WARN_ENUM_CONVERSION = YES;
				CLANG_WARN_INFINITE_RECURSION = YES;
				CLANG_WARN_INT_CONVERSION = YES;
				CLANG_WARN_OBJC_ROOT_CLASS = YES_ERROR;
				CLANG_WARN_SUSPICIOUS_MOVE = YES;
				CLANG_WARN_UNREACHABLE_CODE = YES;
				CLANG_WARN__DUPLICATE_METHOD_MATCH = YES;
				"CODE_SIGN_IDENTITY[sdk=iphoneos*]" = "iPhone Developer";
				COPY_PHASE_STRIP = NO;
				DEBUG_INFORMATION_FORMAT = "dwarf-with-dsym";
				ENABLE_NS_ASSERTIONS = NO;
				ENABLE_STRICT_OBJC_MSGSEND = YES;
				GCC_C_LANGUAGE_STANDARD = gnu99;
				GCC_NO_COMMON_BLOCKS = YES;
				GCC_WARN_64_TO_32_BIT_CONVERSION = YES;
				GCC_WARN_ABOUT_RETURN_TYPE = YES_ERROR;
				GCC_WARN_UNDECLARED_SELECTOR = YES;
				GCC_WARN_UNINITIALIZED_AUTOS = YES_AGGRESSIVE;
				GCC_WARN_UNUSED_FUNCTION = YES;
				GCC_WARN_UNUSED_VARIABLE = YES;
				IPHONEOS_DEPLOYMENT_TARGET = 10.2;
				MTL_ENABLE_DEBUG_INFO = NO;
				SDKROOT = iphoneos;
				SWIFT_OPTIMIZATION_LEVEL = "-Owholemodule";
				TARGETED_DEVICE_FAMILY = "1,2";
				VALIDATE_PRODUCT = YES;
			};
			name = Release;
		};
		4B480CC71EB3EA8F004410DA /* Debug */ = {
			isa = XCBuildConfiguration;
			buildSettings = {
				ASSETCATALOG_COMPILER_APPICON_NAME = AppIcon;
				DEVELOPMENT_TEAM = Y35N98ZFYR;
				INFOPLIST_FILE = "Apple Catch!/Info.plist";
				IPHONEOS_DEPLOYMENT_TARGET = 9.0;
				LD_RUNPATH_SEARCH_PATHS = "$(inherited) @executable_path/Frameworks";
				PRODUCT_BUNDLE_IDENTIFIER = "Bookmark.Apple-Catch-";
				PRODUCT_NAME = "$(TARGET_NAME)";
				SWIFT_VERSION = 3.0;
			};
			name = Debug;
		};
		4B480CC81EB3EA8F004410DA /* Release */ = {
			isa = XCBuildConfiguration;
			buildSettings = {
				ASSETCATALOG_COMPILER_APPICON_NAME = AppIcon;
				DEVELOPMENT_TEAM = Y35N98ZFYR;
				INFOPLIST_FILE = "Apple Catch!/Info.plist";
				IPHONEOS_DEPLOYMENT_TARGET = 9.0;
				LD_RUNPATH_SEARCH_PATHS = "$(inherited) @executable_path/Frameworks";
				PRODUCT_BUNDLE_IDENTIFIER = "Bookmark.Apple-Catch-";
				PRODUCT_NAME = "$(TARGET_NAME)";
				SWIFT_VERSION = 3.0;
			};
			name = Release;
		};
		4B480CCA1EB3EA8F004410DA /* Debug */ = {
			isa = XCBuildConfiguration;
			buildSettings = {
				ALWAYS_EMBED_SWIFT_STANDARD_LIBRARIES = YES;
				BUNDLE_LOADER = "$(TEST_HOST)";
				INFOPLIST_FILE = "Apple Catch!Tests/Info.plist";
				LD_RUNPATH_SEARCH_PATHS = "$(inherited) @executable_path/Frameworks @loader_path/Frameworks";
				PRODUCT_BUNDLE_IDENTIFIER = "Bookmark.Apple-Catch-Tests";
				PRODUCT_NAME = "$(TARGET_NAME)";
				SWIFT_VERSION = 3.0;
				TEST_HOST = "$(BUILT_PRODUCTS_DIR)/Apple Catch!.app/Apple Catch!";
			};
			name = Debug;
		};
		4B480CCB1EB3EA8F004410DA /* Release */ = {
			isa = XCBuildConfiguration;
			buildSettings = {
				ALWAYS_EMBED_SWIFT_STANDARD_LIBRARIES = YES;
				BUNDLE_LOADER = "$(TEST_HOST)";
				INFOPLIST_FILE = "Apple Catch!Tests/Info.plist";
				LD_RUNPATH_SEARCH_PATHS = "$(inherited) @executable_path/Frameworks @loader_path/Frameworks";
				PRODUCT_BUNDLE_IDENTIFIER = "Bookmark.Apple-Catch-Tests";
				PRODUCT_NAME = "$(TARGET_NAME)";
				SWIFT_VERSION = 3.0;
				TEST_HOST = "$(BUILT_PRODUCTS_DIR)/Apple Catch!.app/Apple Catch!";
			};
			name = Release;
		};
		4B480CCD1EB3EA8F004410DA /* Debug */ = {
			isa = XCBuildConfiguration;
			buildSettings = {
				ALWAYS_EMBED_SWIFT_STANDARD_LIBRARIES = YES;
				INFOPLIST_FILE = "Apple Catch!UITests/Info.plist";
				LD_RUNPATH_SEARCH_PATHS = "$(inherited) @executable_path/Frameworks @loader_path/Frameworks";
				PRODUCT_BUNDLE_IDENTIFIER = "Bookmark.Apple-Catch-UITests";
				PRODUCT_NAME = "$(TARGET_NAME)";
				SWIFT_VERSION = 3.0;
				TEST_TARGET_NAME = "Apple Catch!";
			};
			name = Debug;
		};
		4B480CCE1EB3EA8F004410DA /* Release */ = {
			isa = XCBuildConfiguration;
			buildSettings = {
				ALWAYS_EMBED_SWIFT_STANDARD_LIBRARIES = YES;
				INFOPLIST_FILE = "Apple Catch!UITests/Info.plist";
				LD_RUNPATH_SEARCH_PATHS = "$(inherited) @executable_path/Frameworks @loader_path/Frameworks";
				PRODUCT_BUNDLE_IDENTIFIER = "Bookmark.Apple-Catch-UITests";
				PRODUCT_NAME = "$(TARGET_NAME)";
				SWIFT_VERSION = 3.0;
				TEST_TARGET_NAME = "Apple Catch!";
			};
			name = Release;
		};
/* End XCBuildConfiguration section */

/* Begin XCConfigurationList section */
		4B480C991EB3EA8F004410DA /* Build configuration list for PBXProject "Apple Catch!" */ = {
			isa = XCConfigurationList;
			buildConfigurations = (
				4B480CC41EB3EA8F004410DA /* Debug */,
				4B480CC51EB3EA8F004410DA /* Release */,
			);
			defaultConfigurationIsVisible = 0;
			defaultConfigurationName = Release;
		};
		4B480CC61EB3EA8F004410DA /* Build configuration list for PBXNativeTarget "Apple Catch!" */ = {
			isa = XCConfigurationList;
			buildConfigurations = (
				4B480CC71EB3EA8F004410DA /* Debug */,
				4B480CC81EB3EA8F004410DA /* Release */,
			);
			defaultConfigurationIsVisible = 0;
			defaultConfigurationName = Release;
		};
		4B480CC91EB3EA8F004410DA /* Build configuration list for PBXNativeTarget "Apple Catch!Tests" */ = {
			isa = XCConfigurationList;
			buildConfigurations = (
				4B480CCA1EB3EA8F004410DA /* Debug */,
				4B480CCB1EB3EA8F004410DA /* Release */,
			);
			defaultConfigurationIsVisible = 0;
			defaultConfigurationName = Release;
		};
		4B480CCC1EB3EA8F004410DA /* Build configuration list for PBXNativeTarget "Apple Catch!UITests" */ = {
			isa = XCConfigurationList;
			buildConfigurations = (
				4B480CCD1EB3EA8F004410DA /* Debug */,
				4B480CCE1EB3EA8F004410DA /* Release */,
			);
			defaultConfigurationIsVisible = 0;
			defaultConfigurationName = Release;
		};
/* End XCConfigurationList section */
	};
	rootObject = 4B480C961EB3EA8F004410DA /* Project object */;
}
